
Microsoft Visual Studio Solution File, Format Version 12.00
# Visual Studio Version 17
VisualStudioVersion = 17.5.002.0
MinimumVisualStudioVersion = 10.0.40219.1
Project("{9A19103F-16F7-4668-BE54-9A1E7A4F7556}") = "Task66", "Task66.csproj", "{D2AE38A9-69AB-41B3-80CF-11C3EB5455EB}"
EndProject
Global
	GlobalSection(SolutionConfigurationPlatforms) = preSolution
		Debug|Any CPU = Debug|Any CPU
		Release|Any CPU = Release|Any CPU
	EndGlobalSection
	GlobalSection(ProjectConfigurationPlatforms) = postSolution
		{D2AE38A9-69AB-41B3-80CF-11C3EB5455EB}.Debug|Any CPU.ActiveCfg = Debug|Any CPU
		{D2AE38A9-69AB-41B3-80CF-11C3EB5455EB}.Debug|Any CPU.Build.0 = Debug|Any CPU
		{D2AE38A9-69AB-41B3-80CF-11C3EB5455EB}.Release|Any CPU.ActiveCfg = Release|Any CPU
		{D2AE38A9-69AB-41B3-80CF-11C3EB5455EB}.Release|Any CPU.Build.0 = Release|Any CPU
	EndGlobalSection
	GlobalSection(SolutionProperties) = preSolution
		HideSolutionNode = FALSE
	EndGlobalSection
	GlobalSection(ExtensibilityGlobals) = postSolution
		SolutionGuid = {84F2906F-73F9-48B3-866F-D98D5976F520}
	EndGlobalSection
EndGlobal
